
Microsoft Visual Studio Solution File, Format Version 12.00
# Visual Studio 15
VisualStudioVersion = 15.0.27004.2009
MinimumVisualStudioVersion = 10.0.40219.1
Project("{FAE04EC0-301F-11D3-BF4B-00C04F79EFBC}") = "FibonacciosTalföljdLabb", "FibonacciosTalföljdLabb\FibonacciosTalföljdLabb.csproj", "{74FF4A24-53E2-47EB-9311-925C8DBD03EE}"
EndProject
Global
	GlobalSection(SolutionConfigurationPlatforms) = preSolution
		Debug|Any CPU = Debug|Any CPU
		Release|Any CPU = Release|Any CPU
	EndGlobalSection
	GlobalSection(ProjectConfigurationPlatforms) = postSolution
		{74FF4A24-53E2-47EB-9311-925C8DBD03EE}.Debug|Any CPU.ActiveCfg = Debug|Any CPU
		{74FF4A24-53E2-47EB-9311-925C8DBD03EE}.Debug|Any CPU.Build.0 = Debug|Any CPU
		{74FF4A24-53E2-47EB-9311-925C8DBD03EE}.Release|Any CPU.ActiveCfg = Release|Any CPU
		{74FF4A24-53E2-47EB-9311-925C8DBD03EE}.Release|Any CPU.Build.0 = Release|Any CPU
	EndGlobalSection
	GlobalSection(SolutionProperties) = preSolution
		HideSolutionNode = FALSE
	EndGlobalSection
	GlobalSection(ExtensibilityGlobals) = postSolution
		SolutionGuid = {B5D0D50A-8024-4E3F-9BA1-B2D09EF88850}
	EndGlobalSection
EndGlobal
