
Microsoft Visual Studio Solution File, Format Version 12.00
# Visual Studio 15
VisualStudioVersion = 15.0.27004.2009
MinimumVisualStudioVersion = 10.0.40219.1
Project("{FAE04EC0-301F-11D3-BF4B-00C04F79EFBC}") = "EuklidesAlgoritmLabb", "EuklidesAlgoritmLabb\EuklidesAlgoritmLabb.csproj", "{9E6EAF68-AAE1-4409-AD54-4D3D5D016322}"
EndProject
Global
	GlobalSection(SolutionConfigurationPlatforms) = preSolution
		Debug|Any CPU = Debug|Any CPU
		Release|Any CPU = Release|Any CPU
	EndGlobalSection
	GlobalSection(ProjectConfigurationPlatforms) = postSolution
		{9E6EAF68-AAE1-4409-AD54-4D3D5D016322}.Debug|Any CPU.ActiveCfg = Debug|Any CPU
		{9E6EAF68-AAE1-4409-AD54-4D3D5D016322}.Debug|Any CPU.Build.0 = Debug|Any CPU
		{9E6EAF68-AAE1-4409-AD54-4D3D5D016322}.Release|Any CPU.ActiveCfg = Release|Any CPU
		{9E6EAF68-AAE1-4409-AD54-4D3D5D016322}.Release|Any CPU.Build.0 = Release|Any CPU
	EndGlobalSection
	GlobalSection(SolutionProperties) = preSolution
		HideSolutionNode = FALSE
	EndGlobalSection
	GlobalSection(ExtensibilityGlobals) = postSolution
		SolutionGuid = {62A79B41-D709-466A-8FD6-C16982281265}
	EndGlobalSection
EndGlobal
